# This file is automatically @generated by Cargo.
# It is not intended for manual editing.
[[package]]
name = "Inflector"
version = "0.11.4"
source = "registry+https://github.com/rust-lang/crates.io-index"
checksum = "fe438c63458706e03479442743baae6c88256498e6431708f6dfc520a26515d3"

[[package]]
name = "aead"
version = "0.3.2"
source = "registry+https://github.com/rust-lang/crates.io-index"
checksum = "7fc95d1bdb8e6666b2b217308eeeb09f2d6728d104be3e31916cc74d15420331"
dependencies = [
 "generic-array",
]

[[package]]
name = "age"
version = "0.6.0"
dependencies = [
 "age-core",
 "base64",
 "bech32",
 "c2-chacha",
 "chacha20poly1305",
 "cookie-factory",
 "hkdf",
 "hmac",
 "i18n-embed",
 "i18n-embed-fl",
 "lazy_static",
 "nom",
 "pin-project",
 "rand 0.7.3",
 "rand 0.8.4",
 "rust-embed",
 "scrypt",
 "secrecy",
 "sha2",
 "subtle",
 "x25519-dalek",
 "zeroize",
]

[[package]]
name = "age-core"
version = "0.6.0"
dependencies = [
 "base64",
 "c2-chacha",
 "chacha20poly1305",
 "cookie-factory",
 "hkdf",
 "nom",
 "rand 0.8.4",
 "secrecy",
 "sha2",
]

[[package]]
name = "age-fuzz"
version = "0.0.0"
dependencies = [
 "age",
 "age-core",
 "cookie-factory",
 "libfuzzer-sys",
]

[[package]]
name = "arbitrary"
version = "0.2.0"
source = "registry+https://github.com/rust-lang/crates.io-index"
checksum = "64cf76cb6e2222ed0ea86b2b0ee2f71c96ec6edd5af42e84d59160e91b836ec4"

[[package]]
name = "base64"
version = "0.13.0"
source = "registry+https://github.com/rust-lang/crates.io-index"
checksum = "904dfeac50f3cdaba28fc6f57fdcddb75f49ed61346676a78c4ffe55877802fd"

[[package]]
name = "bech32"
version = "0.8.1"
source = "registry+https://github.com/rust-lang/crates.io-index"
checksum = "cf9ff0bbfd639f15c74af777d81383cf53efb7c93613f6cab67c6c11e05bbf8b"

[[package]]
name = "bitflags"
version = "1.2.1"
source = "registry+https://github.com/rust-lang/crates.io-index"
checksum = "cf1de2fe8c75bc145a2f577add951f8134889b4795d47466a54a5c846d691693"

[[package]]
name = "bitvec"
version = "0.19.5"
source = "registry+https://github.com/rust-lang/crates.io-index"
checksum = "8942c8d352ae1838c9dda0b0ca2ab657696ef2232a20147cf1b30ae1a9cb4321"
dependencies = [
 "funty",
 "radium",
 "tap",
 "wyz",
]

[[package]]
name = "block-buffer"
version = "0.9.0"
source = "registry+https://github.com/rust-lang/crates.io-index"
checksum = "4152116fd6e9dadb291ae18fc1ec3575ed6d84c29642d97890f4b4a3417297e4"
dependencies = [
 "generic-array",
]

[[package]]
name = "byteorder"
version = "1.4.3"
source = "registry+https://github.com/rust-lang/crates.io-index"
checksum = "14c189c53d098945499cdfa7ecc63567cf3886b3332b312a5b4585d8d3a6a610"

[[package]]
name = "c2-chacha"
version = "0.3.1"
source = "registry+https://github.com/rust-lang/crates.io-index"
checksum = "7e6002dbb7c65a76e516625443949a8b7bb0d0845fe6a3dc39e2dd7ae39dcb9c"
dependencies = [
 "cipher 0.2.5",
 "ppv-lite86",
]

[[package]]
name = "cc"
version = "1.0.69"
source = "registry+https://github.com/rust-lang/crates.io-index"
checksum = "e70cc2f62c6ce1868963827bd677764c62d07c3d9a3e1fb1177ee1a9ab199eb2"

[[package]]
name = "cfg-if"
version = "1.0.0"
source = "registry+https://github.com/rust-lang/crates.io-index"
checksum = "baf1de4339761588bc0619e3cbc0120ee582ebb74b53b4efbf79117bd2da40fd"

[[package]]
name = "chacha20poly1305"
version = "0.7.1"
source = "registry+https://github.com/rust-lang/crates.io-index"
checksum = "af1fc18e6d90c40164bf6c317476f2a98f04661e310e79830366b7e914c58a8e"
dependencies = [
 "aead",
 "cipher 0.2.5",
 "poly1305",
 "zeroize",
]

[[package]]
name = "cipher"
version = "0.2.5"
source = "registry+https://github.com/rust-lang/crates.io-index"
checksum = "12f8e7987cbd042a63249497f41aed09f8e65add917ea6566effbc56578d6801"
dependencies = [
 "generic-array",
]

[[package]]
name = "cipher"
version = "0.3.0"
source = "registry+https://github.com/rust-lang/crates.io-index"
checksum = "7ee52072ec15386f770805afd189a01c8841be8696bed250fa2f13c4c0d6dfb7"
dependencies = [
 "generic-array",
]

[[package]]
name = "cookie-factory"
version = "0.3.2"
source = "registry+https://github.com/rust-lang/crates.io-index"
checksum = "396de984970346b0d9e93d1415082923c679e5ae5c3ee3dcbd104f5610af126b"

[[package]]
name = "cpufeatures"
version = "0.1.5"
source = "registry+https://github.com/rust-lang/crates.io-index"
checksum = "66c99696f6c9dd7f35d486b9d04d7e6e202aa3e8c40d553f2fdf5e7e0c6a71ef"
dependencies = [
 "libc",
]

[[package]]
name = "cpuid-bool"
version = "0.2.0"
source = "registry+https://github.com/rust-lang/crates.io-index"
checksum = "dcb25d077389e53838a8158c8e99174c5a9d902dee4904320db714f3c653ffba"

[[package]]
name = "crypto-mac"
version = "0.11.1"
source = "registry+https://github.com/rust-lang/crates.io-index"
checksum = "b1d1a86f49236c215f271d40892d5fc950490551400b02ef360692c29815c714"
dependencies = [
 "generic-array",
 "subtle",
]

[[package]]
name = "curve25519-dalek"
version = "3.2.0"
source = "registry+https://github.com/rust-lang/crates.io-index"
checksum = "0b9fdf9972b2bd6af2d913799d9ebc165ea4d2e65878e329d9c6b372c4491b61"
dependencies = [
 "byteorder",
 "digest",
 "rand_core 0.5.1",
 "subtle",
 "zeroize",
]

[[package]]
name = "dashmap"
version = "4.0.2"
source = "registry+https://github.com/rust-lang/crates.io-index"
checksum = "e77a43b28d0668df09411cb0bc9a8c2adc40f9a048afe863e05fd43251e8e39c"
dependencies = [
 "cfg-if",
 "num_cpus",
]

[[package]]
name = "digest"
version = "0.9.0"
source = "registry+https://github.com/rust-lang/crates.io-index"
checksum = "d3dd60d1080a57a05ab032377049e0591415d2b31afd7028356dbf3cc6dcb066"
dependencies = [
 "generic-array",
]

[[package]]
name = "find-crate"
version = "0.6.3"
source = "registry+https://github.com/rust-lang/crates.io-index"
checksum = "59a98bbaacea1c0eb6a0876280051b892eb73594fd90cf3b20e9c817029c57d2"
dependencies = [
 "toml",
]

[[package]]
name = "fluent"
version = "0.15.0"
source = "registry+https://github.com/rust-lang/crates.io-index"
checksum = "bc4d7142005e2066e4844caf9f271b93fc79836ee96ec85057b8c109687e629a"
dependencies = [
 "fluent-bundle",
 "unic-langid",
]

[[package]]
name = "fluent-bundle"
version = "0.15.1"
source = "registry+https://github.com/rust-lang/crates.io-index"
checksum = "8acf044eeb4872d9dbf2667541fbf461f5965c57e343878ad0fb24b5793fa007"
dependencies = [
 "fluent-langneg",
 "fluent-syntax",
 "intl-memoizer",
 "intl_pluralrules",
 "ouroboros",
 "rustc-hash",
 "smallvec",
 "unic-langid",
]

[[package]]
name = "fluent-langneg"
version = "0.13.0"
source = "registry+https://github.com/rust-lang/crates.io-index"
checksum = "2c4ad0989667548f06ccd0e306ed56b61bd4d35458d54df5ec7587c0e8ed5e94"
dependencies = [
 "unic-langid",
]

[[package]]
name = "fluent-syntax"
version = "0.11.0"
source = "registry+https://github.com/rust-lang/crates.io-index"
checksum = "c0abed97648395c902868fee9026de96483933faa54ea3b40d652f7dfe61ca78"
dependencies = [
 "thiserror",
]

[[package]]
name = "funty"
version = "1.1.0"
source = "registry+https://github.com/rust-lang/crates.io-index"
checksum = "fed34cd105917e91daa4da6b3728c47b068749d6a62c59811f06ed2ac71d9da7"

[[package]]
name = "generic-array"
version = "0.14.4"
source = "registry+https://github.com/rust-lang/crates.io-index"
checksum = "501466ecc8a30d1d3b7fc9229b122b2ce8ed6e9d9223f1138d4babb253e51817"
dependencies = [
 "typenum",
 "version_check",
]

[[package]]
name = "getrandom"
version = "0.1.16"
source = "registry+https://github.com/rust-lang/crates.io-index"
checksum = "8fc3cb4d91f53b50155bdcfd23f6a4c39ae1969c2ae85982b135750cccaf5fce"
dependencies = [
 "cfg-if",
 "libc",
 "wasi 0.9.0+wasi-snapshot-preview1",
]

[[package]]
name = "getrandom"
version = "0.2.3"
source = "registry+https://github.com/rust-lang/crates.io-index"
checksum = "7fcd999463524c52659517fe2cea98493cfe485d10565e7b0fb07dbba7ad2753"
dependencies = [
 "cfg-if",
 "libc",
 "wasi 0.10.2+wasi-snapshot-preview1",
]

[[package]]
name = "hermit-abi"
version = "0.1.19"
source = "registry+https://github.com/rust-lang/crates.io-index"
checksum = "62b467343b94ba476dcb2500d242dadbb39557df889310ac77c5d99100aaac33"
dependencies = [
 "libc",
]

[[package]]
name = "hkdf"
version = "0.11.0"
source = "registry+https://github.com/rust-lang/crates.io-index"
checksum = "01706d578d5c281058480e673ae4086a9f4710d8df1ad80a5b03e39ece5f886b"
dependencies = [
 "digest",
 "hmac",
]

[[package]]
name = "hmac"
version = "0.11.0"
source = "registry+https://github.com/rust-lang/crates.io-index"
checksum = "2a2a2320eb7ec0ebe8da8f744d7812d9fc4cb4d09344ac01898dbcb6a20ae69b"
dependencies = [
 "crypto-mac",
 "digest",
]

[[package]]
name = "i18n-config"
version = "0.4.2"
source = "registry+https://github.com/rust-lang/crates.io-index"
checksum = "b62affcd43abfb51f3cbd8736f9407908dc5b44fc558a9be07460bbfd104d983"
dependencies = [
 "log",
 "serde",
 "serde_derive",
 "thiserror",
 "toml",
 "unic-langid",
]

[[package]]
name = "i18n-embed"
version = "0.12.1"
source = "registry+https://github.com/rust-lang/crates.io-index"
checksum = "3794c3d7fea43e076281c9213cfaaa7a53c3f18b1613f12514b9f575a2908457"
dependencies = [
 "fluent",
 "fluent-langneg",
 "fluent-syntax",
 "i18n-embed-impl",
 "intl-memoizer",
 "lazy_static",
 "log",
 "parking_lot",
 "rust-embed",
 "thiserror",
 "unic-langid",
 "walkdir",
]

[[package]]
name = "i18n-embed-fl"
version = "0.5.0"
source = "registry+https://github.com/rust-lang/crates.io-index"
checksum = "4d91f4951bd0bc19624a06781bf8cd05bdd59057622e5d4240823b42a5f102d2"
dependencies = [
 "dashmap",
 "find-crate",
 "fluent",
 "fluent-syntax",
 "i18n-config",
 "i18n-embed",
 "lazy_static",
 "proc-macro-error",
 "proc-macro2",
 "quote",
 "strsim",
 "syn",
 "unic-langid",
]

[[package]]
name = "i18n-embed-impl"
version = "0.7.0"
source = "registry+https://github.com/rust-lang/crates.io-index"
checksum = "2757ae6d1dd47fba009e86795350186fc4740a6e53a1b4f336a8a6725d20eb53"
dependencies = [
 "find-crate",
 "i18n-config",
 "proc-macro2",
 "quote",
 "syn",
]

[[package]]
name = "instant"
version = "0.1.10"
source = "registry+https://github.com/rust-lang/crates.io-index"
checksum = "bee0328b1209d157ef001c94dd85b4f8f64139adb0eac2659f4b08382b2f474d"
dependencies = [
 "cfg-if",
]

[[package]]
name = "intl-memoizer"
version = "0.5.1"
source = "registry+https://github.com/rust-lang/crates.io-index"
checksum = "c310433e4a310918d6ed9243542a6b83ec1183df95dff8f23f87bb88a264a66f"
dependencies = [
 "type-map",
 "unic-langid",
]

[[package]]
name = "intl_pluralrules"
version = "7.0.1"
source = "registry+https://github.com/rust-lang/crates.io-index"
checksum = "b18f988384267d7066cc2be425e6faf352900652c046b6971d2e228d3b1c5ecf"
dependencies = [
 "tinystr",
 "unic-langid",
]

[[package]]
name = "lazy_static"
version = "1.4.0"
source = "registry+https://github.com/rust-lang/crates.io-index"
checksum = "e2abad23fbc42b3700f2f279844dc832adb2b2eb069b2df918f455c4e18cc646"

[[package]]
name = "libc"
version = "0.2.98"
source = "registry+https://github.com/rust-lang/crates.io-index"
checksum = "320cfe77175da3a483efed4bc0adc1968ca050b098ce4f2f1c13a56626128790"

[[package]]
name = "libfuzzer-sys"
version = "0.1.0"
source = "git+https://github.com/rust-fuzz/libfuzzer-sys.git#35ce7d7177c254b9c798aec171dfe76877d1a20f"
dependencies = [
 "arbitrary",
 "cc",
]

[[package]]
name = "lock_api"
version = "0.4.4"
source = "registry+https://github.com/rust-lang/crates.io-index"
checksum = "0382880606dff6d15c9476c416d18690b72742aa7b605bb6dd6ec9030fbf07eb"
dependencies = [
 "scopeguard",
]

[[package]]
name = "log"
version = "0.4.14"
source = "registry+https://github.com/rust-lang/crates.io-index"
checksum = "51b9bbe6c47d51fc3e1a9b945965946b4c44142ab8792c50835a980d362c2710"
dependencies = [
 "cfg-if",
]

[[package]]
name = "memchr"
version = "2.3.4"
source = "registry+https://github.com/rust-lang/crates.io-index"
checksum = "0ee1c47aaa256ecabcaea351eae4a9b01ef39ed810004e298d2511ed284b1525"

[[package]]
name = "nom"
version = "6.2.1"
source = "registry+https://github.com/rust-lang/crates.io-index"
checksum = "9c5c51b9083a3c620fa67a2a635d1ce7d95b897e957d6b28ff9a5da960a103a6"
dependencies = [
 "bitvec",
 "funty",
 "memchr",
 "version_check",
]

[[package]]
name = "num_cpus"
version = "1.13.0"
source = "registry+https://github.com/rust-lang/crates.io-index"
checksum = "05499f3756671c15885fee9034446956fff3f243d6077b91e5767df161f766b3"
dependencies = [
 "hermit-abi",
 "libc",
]

[[package]]
name = "opaque-debug"
version = "0.3.0"
source = "registry+https://github.com/rust-lang/crates.io-index"
checksum = "624a8340c38c1b80fd549087862da4ba43e08858af025b236e509b6649fc13d5"

[[package]]
name = "ouroboros"
version = "0.9.5"
source = "registry+https://github.com/rust-lang/crates.io-index"
checksum = "fbeff60e3e37407a80ead3e9458145b456e978c4068cddbfea6afb48572962ca"
dependencies = [
 "ouroboros_macro",
 "stable_deref_trait",
]

[[package]]
name = "ouroboros_macro"
version = "0.9.5"
source = "registry+https://github.com/rust-lang/crates.io-index"
checksum = "03f2cb802b5bdfdf52f1ffa0b54ce105e4d346e91990dd571f86c91321ad49e2"
dependencies = [
 "Inflector",
 "proc-macro-error",
 "proc-macro2",
 "quote",
 "syn",
]

[[package]]
name = "parking_lot"
version = "0.11.1"
source = "registry+https://github.com/rust-lang/crates.io-index"
checksum = "6d7744ac029df22dca6284efe4e898991d28e3085c706c972bcd7da4a27a15eb"
dependencies = [
 "instant",
 "lock_api",
 "parking_lot_core",
]

[[package]]
name = "parking_lot_core"
version = "0.8.3"
source = "registry+https://github.com/rust-lang/crates.io-index"
checksum = "fa7a782938e745763fe6907fc6ba86946d72f49fe7e21de074e08128a99fb018"
dependencies = [
 "cfg-if",
 "instant",
 "libc",
 "redox_syscall",
 "smallvec",
 "winapi",
]

[[package]]
name = "pbkdf2"
version = "0.8.0"
source = "registry+https://github.com/rust-lang/crates.io-index"
checksum = "d95f5254224e617595d2cc3cc73ff0a5eaf2637519e25f03388154e9378b6ffa"
dependencies = [
 "crypto-mac",
]

[[package]]
name = "pin-project"
version = "1.0.8"
source = "registry+https://github.com/rust-lang/crates.io-index"
checksum = "576bc800220cc65dac09e99e97b08b358cfab6e17078de8dc5fee223bd2d0c08"
dependencies = [
 "pin-project-internal",
]

[[package]]
name = "pin-project-internal"
version = "1.0.8"
source = "registry+https://github.com/rust-lang/crates.io-index"
checksum = "6e8fe8163d14ce7f0cdac2e040116f22eac817edabff0be91e8aff7e9accf389"
dependencies = [
 "proc-macro2",
 "quote",
 "syn",
]

[[package]]
name = "poly1305"
version = "0.6.2"
source = "registry+https://github.com/rust-lang/crates.io-index"
checksum = "4b7456bc1ad2d4cf82b3a016be4c2ac48daf11bf990c1603ebd447fe6f30fca8"
dependencies = [
 "cpuid-bool",
 "universal-hash",
]

[[package]]
name = "ppv-lite86"
version = "0.2.10"
source = "registry+https://github.com/rust-lang/crates.io-index"
checksum = "ac74c624d6b2d21f425f752262f42188365d7b8ff1aff74c82e45136510a4857"

[[package]]
name = "proc-macro-error"
version = "1.0.4"
source = "registry+https://github.com/rust-lang/crates.io-index"
checksum = "da25490ff9892aab3fcf7c36f08cfb902dd3e71ca0f9f9517bea02a73a5ce38c"
dependencies = [
 "proc-macro-error-attr",
 "proc-macro2",
 "quote",
 "syn",
 "version_check",
]

[[package]]
name = "proc-macro-error-attr"
version = "1.0.4"
source = "registry+https://github.com/rust-lang/crates.io-index"
checksum = "a1be40180e52ecc98ad80b184934baf3d0d29f979574e439af5a55274b35f869"
dependencies = [
 "proc-macro2",
 "quote",
 "version_check",
]

[[package]]
name = "proc-macro2"
version = "1.0.28"
source = "registry+https://github.com/rust-lang/crates.io-index"
checksum = "5c7ed8b8c7b886ea3ed7dde405212185f423ab44682667c8c6dd14aa1d9f6612"
dependencies = [
 "unicode-xid",
]

[[package]]
name = "quote"
version = "1.0.9"
source = "registry+https://github.com/rust-lang/crates.io-index"
checksum = "c3d0b9745dc2debf507c8422de05d7226cc1f0644216dfdfead988f9b1ab32a7"
dependencies = [
 "proc-macro2",
]

[[package]]
name = "radium"
version = "0.5.3"
source = "registry+https://github.com/rust-lang/crates.io-index"
checksum = "941ba9d78d8e2f7ce474c015eea4d9c6d25b6a3327f9832ee29a4de27f91bbb8"

[[package]]
name = "rand"
version = "0.7.3"
source = "registry+https://github.com/rust-lang/crates.io-index"
checksum = "6a6b1679d49b24bbfe0c803429aa1874472f50d9b363131f0e89fc356b544d03"
dependencies = [
 "getrandom 0.1.16",
 "libc",
 "rand_chacha 0.2.2",
 "rand_core 0.5.1",
 "rand_hc 0.2.0",
]

[[package]]
name = "rand"
version = "0.8.4"
source = "registry+https://github.com/rust-lang/crates.io-index"
checksum = "2e7573632e6454cf6b99d7aac4ccca54be06da05aca2ef7423d22d27d4d4bcd8"
dependencies = [
 "libc",
 "rand_chacha 0.3.1",
 "rand_core 0.6.3",
 "rand_hc 0.3.1",
]

[[package]]
name = "rand_chacha"
version = "0.2.2"
source = "registry+https://github.com/rust-lang/crates.io-index"
checksum = "f4c8ed856279c9737206bf725bf36935d8666ead7aa69b52be55af369d193402"
dependencies = [
 "ppv-lite86",
 "rand_core 0.5.1",
]

[[package]]
name = "rand_chacha"
version = "0.3.1"
source = "registry+https://github.com/rust-lang/crates.io-index"
checksum = "e6c10a63a0fa32252be49d21e7709d4d4baf8d231c2dbce1eaa8141b9b127d88"
dependencies = [
 "ppv-lite86",
 "rand_core 0.6.3",
]

[[package]]
name = "rand_core"
version = "0.5.1"
source = "registry+https://github.com/rust-lang/crates.io-index"
checksum = "90bde5296fc891b0cef12a6d03ddccc162ce7b2aff54160af9338f8d40df6d19"
dependencies = [
 "getrandom 0.1.16",
]

[[package]]
name = "rand_core"
version = "0.6.3"
source = "registry+https://github.com/rust-lang/crates.io-index"
checksum = "d34f1408f55294453790c48b2f1ebbb1c5b4b7563eb1f418bcfcfdbb06ebb4e7"
dependencies = [
 "getrandom 0.2.3",
]

[[package]]
name = "rand_hc"
version = "0.2.0"
source = "registry+https://github.com/rust-lang/crates.io-index"
checksum = "ca3129af7b92a17112d59ad498c6f81eaf463253766b90396d39ea7a39d6613c"
dependencies = [
 "rand_core 0.5.1",
]

[[package]]
name = "rand_hc"
version = "0.3.1"
source = "registry+https://github.com/rust-lang/crates.io-index"
checksum = "d51e9f596de227fda2ea6c84607f5558e196eeaf43c986b724ba4fb8fdf497e7"
dependencies = [
 "rand_core 0.6.3",
]

[[package]]
name = "redox_syscall"
version = "0.2.10"
source = "registry+https://github.com/rust-lang/crates.io-index"
checksum = "8383f39639269cde97d255a32bdb68c047337295414940c68bdd30c2e13203ff"
dependencies = [
 "bitflags",
]

[[package]]
name = "rust-embed"
version = "5.9.0"
source = "registry+https://github.com/rust-lang/crates.io-index"
checksum = "2fe1fe6aac5d6bb9e1ffd81002340363272a7648234ec7bdfac5ee202cb65523"
dependencies = [
 "rust-embed-impl",
 "rust-embed-utils",
 "walkdir",
]

[[package]]
name = "rust-embed-impl"
version = "5.9.0"
source = "registry+https://github.com/rust-lang/crates.io-index"
checksum = "3ed91c41c42ef7bf687384439c312e75e0da9c149b0390889b94de3c7d9d9e66"
dependencies = [
 "proc-macro2",
 "quote",
 "rust-embed-utils",
 "syn",
 "walkdir",
]

[[package]]
name = "rust-embed-utils"
version = "5.1.0"
source = "registry+https://github.com/rust-lang/crates.io-index"
checksum = "2a512219132473ab0a77b52077059f1c47ce4af7fbdc94503e9862a34422876d"
dependencies = [
 "walkdir",
]

[[package]]
name = "rustc-hash"
version = "1.1.0"
source = "registry+https://github.com/rust-lang/crates.io-index"
checksum = "08d43f7aa6b08d49f382cde6a7982047c3426db949b1424bc4b7ec9ae12c6ce2"

[[package]]
name = "salsa20"
version = "0.8.1"
source = "registry+https://github.com/rust-lang/crates.io-index"
checksum = "ecbd2eb639fd7cab5804a0837fe373cc2172d15437e804c054a9fb885cb923b0"
dependencies = [
 "cipher 0.3.0",
]

[[package]]
name = "same-file"
version = "1.0.6"
source = "registry+https://github.com/rust-lang/crates.io-index"
checksum = "93fc1dc3aaa9bfed95e02e6eadabb4baf7e3078b0bd1b4d7b6b0b68378900502"
dependencies = [
 "winapi-util",
]

[[package]]
name = "scopeguard"
version = "1.1.0"
source = "registry+https://github.com/rust-lang/crates.io-index"
checksum = "d29ab0c6d3fc0ee92fe66e2d99f700eab17a8d57d1c1d3b748380fb20baa78cd"

[[package]]
name = "scrypt"
version = "0.7.0"
source = "registry+https://github.com/rust-lang/crates.io-index"
checksum = "879588d8f90906e73302547e20fffefdd240eb3e0e744e142321f5d49dea0518"
dependencies = [
 "hmac",
 "pbkdf2",
 "salsa20",
 "sha2",
]

[[package]]
name = "secrecy"
version = "0.8.0"
source = "registry+https://github.com/rust-lang/crates.io-index"
checksum = "9bd1c54ea06cfd2f6b63219704de0b9b4f72dcc2b8fdef820be6cd799780e91e"
dependencies = [
 "zeroize",
]

[[package]]
name = "serde"
version = "1.0.127"
source = "registry+https://github.com/rust-lang/crates.io-index"
checksum = "f03b9878abf6d14e6779d3f24f07b2cfa90352cfec4acc5aab8f1ac7f146fae8"
dependencies = [
 "serde_derive",
]

[[package]]
name = "serde_derive"
version = "1.0.127"
source = "registry+https://github.com/rust-lang/crates.io-index"
checksum = "a024926d3432516606328597e0f224a51355a493b49fdd67e9209187cbe55ecc"
dependencies = [
 "proc-macro2",
 "quote",
 "syn",
]

[[package]]
name = "sha2"
version = "0.9.5"
source = "registry+https://github.com/rust-lang/crates.io-index"
checksum = "b362ae5752fd2137731f9fa25fd4d9058af34666ca1966fb969119cc35719f12"
dependencies = [
 "block-buffer",
 "cfg-if",
 "cpufeatures",
 "digest",
 "opaque-debug",
]

[[package]]
name = "smallvec"
version = "1.6.1"
source = "registry+https://github.com/rust-lang/crates.io-index"
checksum = "fe0f37c9e8f3c5a4a66ad655a93c74daac4ad00c441533bf5c6e7990bb42604e"

[[package]]
name = "stable_deref_trait"
version = "1.2.0"
source = "registry+https://github.com/rust-lang/crates.io-index"
checksum = "a8f112729512f8e442d81f95a8a7ddf2b7c6b8a1a6f509a95864142b30cab2d3"

[[package]]
name = "strsim"
version = "0.10.0"
source = "registry+https://github.com/rust-lang/crates.io-index"
checksum = "73473c0e59e6d5812c5dfe2a064a6444949f089e20eec9a2e5506596494e4623"

[[package]]
name = "subtle"
version = "2.4.1"
source = "registry+https://github.com/rust-lang/crates.io-index"
checksum = "6bdef32e8150c2a081110b42772ffe7d7c9032b606bc226c8260fd97e0976601"

[[package]]
name = "syn"
version = "1.0.74"
source = "registry+https://github.com/rust-lang/crates.io-index"
checksum = "1873d832550d4588c3dbc20f01361ab00bfe741048f71e3fecf145a7cc18b29c"
dependencies = [
 "proc-macro2",
 "quote",
 "unicode-xid",
]

[[package]]
name = "synstructure"
version = "0.12.5"
source = "registry+https://github.com/rust-lang/crates.io-index"
checksum = "474aaa926faa1603c40b7885a9eaea29b444d1cb2850cb7c0e37bb1a4182f4fa"
dependencies = [
 "proc-macro2",
 "quote",
 "syn",
 "unicode-xid",
]

[[package]]
name = "tap"
version = "1.0.1"
source = "registry+https://github.com/rust-lang/crates.io-index"
checksum = "55937e1799185b12863d447f42597ed69d9928686b8d88a1df17376a097d8369"

[[package]]
name = "thiserror"
version = "1.0.26"
source = "registry+https://github.com/rust-lang/crates.io-index"
checksum = "93119e4feac1cbe6c798c34d3a53ea0026b0b1de6a120deef895137c0529bfe2"
dependencies = [
 "thiserror-impl",
]

[[package]]
name = "thiserror-impl"
version = "1.0.26"
source = "registry+https://github.com/rust-lang/crates.io-index"
checksum = "060d69a0afe7796bf42e9e2ff91f5ee691fb15c53d38b4b62a9a53eb23164745"
dependencies = [
 "proc-macro2",
 "quote",
 "syn",
]

[[package]]
name = "tinystr"
version = "0.3.4"
source = "registry+https://github.com/rust-lang/crates.io-index"
checksum = "29738eedb4388d9ea620eeab9384884fc3f06f586a2eddb56bedc5885126c7c1"

[[package]]
name = "toml"
version = "0.5.8"
source = "registry+https://github.com/rust-lang/crates.io-index"
checksum = "a31142970826733df8241ef35dc040ef98c679ab14d7c3e54d827099b3acecaa"
dependencies = [
 "serde",
]

[[package]]
name = "type-map"
version = "0.4.0"
source = "registry+https://github.com/rust-lang/crates.io-index"
checksum = "b6d3364c5e96cb2ad1603037ab253ddd34d7fb72a58bdddf4b7350760fc69a46"
dependencies = [
 "rustc-hash",
]

[[package]]
name = "typenum"
version = "1.13.0"
source = "registry+https://github.com/rust-lang/crates.io-index"
checksum = "879f6906492a7cd215bfa4cf595b600146ccfac0c79bcbd1f3000162af5e8b06"

[[package]]
name = "unic-langid"
version = "0.9.0"
source = "registry+https://github.com/rust-lang/crates.io-index"
checksum = "73328fcd730a030bdb19ddf23e192187a6b01cd98be6d3140622a89129459ce5"
dependencies = [
 "unic-langid-impl",
]

[[package]]
name = "unic-langid-impl"
version = "0.9.0"
source = "registry+https://github.com/rust-lang/crates.io-index"
checksum = "1a4a8eeaf0494862c1404c95ec2f4c33a2acff5076f64314b465e3ddae1b934d"
dependencies = [
 "serde",
 "tinystr",
]

[[package]]
name = "unicode-xid"
version = "0.2.2"
source = "registry+https://github.com/rust-lang/crates.io-index"
checksum = "8ccb82d61f80a663efe1f787a51b16b5a51e3314d6ac365b08639f52387b33f3"

[[package]]
name = "universal-hash"
version = "0.4.1"
source = "registry+https://github.com/rust-lang/crates.io-index"
checksum = "9f214e8f697e925001e66ec2c6e37a4ef93f0f78c2eed7814394e10c62025b05"
dependencies = [
 "generic-array",
 "subtle",
]

[[package]]
name = "version_check"
version = "0.9.3"
source = "registry+https://github.com/rust-lang/crates.io-index"
checksum = "5fecdca9a5291cc2b8dcf7dc02453fee791a280f3743cb0905f8822ae463b3fe"

[[package]]
name = "walkdir"
version = "2.3.2"
source = "registry+https://github.com/rust-lang/crates.io-index"
checksum = "808cf2735cd4b6866113f648b791c6adc5714537bc222d9347bb203386ffda56"
dependencies = [
 "same-file",
 "winapi",
 "winapi-util",
]

[[package]]
name = "wasi"
version = "0.9.0+wasi-snapshot-preview1"
source = "registry+https://github.com/rust-lang/crates.io-index"
checksum = "cccddf32554fecc6acb585f82a32a72e28b48f8c4c1883ddfeeeaa96f7d8e519"

[[package]]
name = "wasi"
version = "0.10.2+wasi-snapshot-preview1"
source = "registry+https://github.com/rust-lang/crates.io-index"
checksum = "fd6fbd9a79829dd1ad0cc20627bf1ed606756a7f77edff7b66b7064f9cb327c6"

[[package]]
name = "winapi"
version = "0.3.9"
source = "registry+https://github.com/rust-lang/crates.io-index"
checksum = "5c839a674fcd7a98952e593242ea400abe93992746761e38641405d28b00f419"
dependencies = [
 "winapi-i686-pc-windows-gnu",
 "winapi-x86_64-pc-windows-gnu",
]

[[package]]
name = "winapi-i686-pc-windows-gnu"
version = "0.4.0"
source = "registry+https://github.com/rust-lang/crates.io-index"
checksum = "ac3b87c63620426dd9b991e5ce0329eff545bccbbb34f3be09ff6fb6ab51b7b6"

[[package]]
name = "winapi-util"
version = "0.1.5"
source = "registry+https://github.com/rust-lang/crates.io-index"
checksum = "70ec6ce85bb158151cae5e5c87f95a8e97d2c0c4b001223f33a334e3ce5de178"
dependencies = [
 "winapi",
]

[[package]]
name = "winapi-x86_64-pc-windows-gnu"
version = "0.4.0"
source = "registry+https://github.com/rust-lang/crates.io-index"
checksum = "712e227841d057c1ee1cd2fb22fa7e5a5461ae8e48fa2ca79ec42cfc1931183f"

[[package]]
name = "wyz"
version = "0.2.0"
source = "registry+https://github.com/rust-lang/crates.io-index"
checksum = "85e60b0d1b5f99db2556934e21937020776a5d31520bf169e851ac44e6420214"

[[package]]
name = "x25519-dalek"
version = "1.1.1"
source = "registry+https://github.com/rust-lang/crates.io-index"
checksum = "5a0c105152107e3b96f6a00a65e86ce82d9b125230e1c4302940eca58ff71f4f"
dependencies = [
 "curve25519-dalek",
 "rand_core 0.5.1",
 "zeroize",
]

[[package]]
name = "zeroize"
version = "1.4.1"
source = "registry+https://github.com/rust-lang/crates.io-index"
checksum = "377db0846015f7ae377174787dd452e1c5f5a9050bc6f954911d01f116daa0cd"
dependencies = [
 "zeroize_derive",
]

[[package]]
name = "zeroize_derive"
version = "1.1.0"
source = "registry+https://github.com/rust-lang/crates.io-index"
checksum = "a2c1e130bebaeab2f23886bf9acbaca14b092408c452543c857f66399cd6dab1"
dependencies = [
 "proc-macro2",
 "quote",
 "syn",
 "synstructure",
]
